// !$*UTF8*$!
{
	archiveVersion = 1;
	classes = {
	};
	objectVersion = 48;
	objects = {

/* Begin PBXBuildFile section */
		1C1670751FAEE72A00E0F8B7 /* Bundle+Extensions.swift in Sources */ = {isa = PBXBuildFile; fileRef = 1C1670741FAEE72A00E0F8B7 /* Bundle+Extensions.swift */; };
		1C6FDE391FAEA379006B50A3 /* WBHomeViewController.swift in Sources */ = {isa = PBXBuildFile; fileRef = 1C6FDE381FAEA379006B50A3 /* WBHomeViewController.swift */; };
		1C6FDE3B1FAEA3E7006B50A3 /* WBDiscoverViewController.swift in Sources */ = {isa = PBXBuildFile; fileRef = 1C6FDE3A1FAEA3E7006B50A3 /* WBDiscoverViewController.swift */; };
		1C6FDE3D1FAEA3FF006B50A3 /* WBMessageViewController.swift in Sources */ = {isa = PBXBuildFile; fileRef = 1C6FDE3C1FAEA3FF006B50A3 /* WBMessageViewController.swift */; };
		1C6FDE3F1FAEA459006B50A3 /* WBProfileViewController.swift in Sources */ = {isa = PBXBuildFile; fileRef = 1C6FDE3E1FAEA459006B50A3 /* WBProfileViewController.swift */; };
		1CF34E441FAC616A00AF3AAD /* AppDelegate.swift in Sources */ = {isa = PBXBuildFile; fileRef = 1CF34E431FAC616A00AF3AAD /* AppDelegate.swift */; };
		1CF34E4B1FAC616A00AF3AAD /* Assets.xcassets in Resources */ = {isa = PBXBuildFile; fileRef = 1CF34E4A1FAC616A00AF3AAD /* Assets.xcassets */; };
		1CF34E6C1FAD52AE00AF3AAD /* WBMainViewController.swift in Sources */ = {isa = PBXBuildFile; fileRef = 1CF34E6B1FAD52AE00AF3AAD /* WBMainViewController.swift */; };
		1CF34E6E1FAE9FCD00AF3AAD /* WBNavigationController.swift in Sources */ = {isa = PBXBuildFile; fileRef = 1CF34E6D1FAE9FCD00AF3AAD /* WBNavigationController.swift */; };
		1CF34E701FAEA04B00AF3AAD /* WBBaseViewController.swift in Sources */ = {isa = PBXBuildFile; fileRef = 1CF34E6F1FAEA04B00AF3AAD /* WBBaseViewController.swift */; };
/* End PBXBuildFile section */

/* Begin PBXFileReference section */
		1C1670721FAEB09D00E0F8B7 /* Weibo-Bridge.h */ = {isa = PBXFileReference; lastKnownFileType = sourcecode.c.h; path = "Weibo-Bridge.h"; sourceTree = "<group>"; };
		1C1670741FAEE72A00E0F8B7 /* Bundle+Extensions.swift */ = {isa = PBXFileReference; lastKnownFileType = sourcecode.swift; path = "Bundle+Extensions.swift"; sourceTree = "<group>"; };
		1C6FDE381FAEA379006B50A3 /* WBHomeViewController.swift */ = {isa = PBXFileReference; lastKnownFileType = sourcecode.swift; path = WBHomeViewController.swift; sourceTree = "<group>"; };
		1C6FDE3A1FAEA3E7006B50A3 /* WBDiscoverViewController.swift */ = {isa = PBXFileReference; lastKnownFileType = sourcecode.swift; path = WBDiscoverViewController.swift; sourceTree = "<group>"; };
		1C6FDE3C1FAEA3FF006B50A3 /* WBMessageViewController.swift */ = {isa = PBXFileReference; lastKnownFileType = sourcecode.swift; path = WBMessageViewController.swift; sourceTree = "<group>"; };
		1C6FDE3E1FAEA459006B50A3 /* WBProfileViewController.swift */ = {isa = PBXFileReference; lastKnownFileType = sourcecode.swift; path = WBProfileViewController.swift; sourceTree = "<group>"; };
		1CF34E401FAC616900AF3AAD /* chuanzhiWeibo.app */ = {isa = PBXFileReference; explicitFileType = wrapper.application; includeInIndex = 0; path = chuanzhiWeibo.app; sourceTree = BUILT_PRODUCTS_DIR; };
		1CF34E431FAC616A00AF3AAD /* AppDelegate.swift */ = {isa = PBXFileReference; lastKnownFileType = sourcecode.swift; path = AppDelegate.swift; sourceTree = "<group>"; };
		1CF34E4A1FAC616A00AF3AAD /* Assets.xcassets */ = {isa = PBXFileReference; lastKnownFileType = folder.assetcatalog; path = Assets.xcassets; sourceTree = "<group>"; };
		1CF34E4F1FAC616A00AF3AAD /* Info.plist */ = {isa = PBXFileReference; lastKnownFileType = text.plist.xml; path = Info.plist; sourceTree = "<group>"; };
		1CF34E6B1FAD52AE00AF3AAD /* WBMainViewController.swift */ = {isa = PBXFileReference; lastKnownFileType = sourcecode.swift; path = WBMainViewController.swift; sourceTree = "<group>"; };
		1CF34E6D1FAE9FCD00AF3AAD /* WBNavigationController.swift */ = {isa = PBXFileReference; lastKnownFileType = sourcecode.swift; path = WBNavigationController.swift; sourceTree = "<group>"; };
		1CF34E6F1FAEA04B00AF3AAD /* WBBaseViewController.swift */ = {isa = PBXFileReference; lastKnownFileType = sourcecode.swift; path = WBBaseViewController.swift; sourceTree = "<group>"; };
/* End PBXFileReference section */

/* Begin PBXFrameworksBuildPhase section */
		1CF34E3D1FAC616900AF3AAD /* Frameworks */ = {
			isa = PBXFrameworksBuildPhase;
			buildActionMask = 2147483647;
			files = (
			);
			runOnlyForDeploymentPostprocessing = 0;
		};
/* End PBXFrameworksBuildPhase section */

/* Begin PBXGroup section */
		1C1670731FAEE53100E0F8B7 /* Extensions */ = {
			isa = PBXGroup;
			children = (
				1C1670741FAEE72A00E0F8B7 /* Bundle+Extensions.swift */,
			);
			path = Extensions;
			sourceTree = "<group>";
		};
		1CF34E371FAC616900AF3AAD = {
			isa = PBXGroup;
			children = (
				1CF34E421FAC616900AF3AAD /* chuanzhiWeibo */,
				1CF34E411FAC616900AF3AAD /* Products */,
			);
			sourceTree = "<group>";
		};
		1CF34E411FAC616900AF3AAD /* Products */ = {
			isa = PBXGroup;
			children = (
				1CF34E401FAC616900AF3AAD /* chuanzhiWeibo.app */,
			);
			name = Products;
			sourceTree = "<group>";
		};
		1CF34E421FAC616900AF3AAD /* chuanzhiWeibo */ = {
			isa = PBXGroup;
			children = (
				1CF34E611FAD4FB300AF3AAD /* Classes */,
				1CF34E431FAC616A00AF3AAD /* AppDelegate.swift */,
				1C1670721FAEB09D00E0F8B7 /* Weibo-Bridge.h */,
				1CF34E4A1FAC616A00AF3AAD /* Assets.xcassets */,
				1CF34E4F1FAC616A00AF3AAD /* Info.plist */,
			);
			path = chuanzhiWeibo;
			sourceTree = "<group>";
		};
		1CF34E611FAD4FB300AF3AAD /* Classes */ = {
			isa = PBXGroup;
			children = (
				1CF34E641FAD4FB300AF3AAD /* View(视图和控制器) */,
				1CF34E6A1FAD4FB300AF3AAD /* ViewModel(视图模型) */,
				1CF34E621FAD4FB300AF3AAD /* Model(模型) */,
				1CF34E631FAD4FB300AF3AAD /* Tools(工具) */,
			);
			path = Classes;
			sourceTree = SOURCE_ROOT;
		};
		1CF34E621FAD4FB300AF3AAD /* Model(模型) */ = {
			isa = PBXGroup;
			children = (
			);
			path = "Model(模型)";
			sourceTree = "<group>";
		};
		1CF34E631FAD4FB300AF3AAD /* Tools(工具) */ = {
			isa = PBXGroup;
			children = (
				1C1670731FAEE53100E0F8B7 /* Extensions */,
			);
			path = "Tools(工具)";
			sourceTree = "<group>";
		};
		1CF34E641FAD4FB300AF3AAD /* View(视图和控制器) */ = {
			isa = PBXGroup;
			children = (
				1CF34E671FAD4FB300AF3AAD /* Main */,
				1CF34E661FAD4FB300AF3AAD /* Home */,
				1CF34E651FAD4FB300AF3AAD /* Discover */,
				1CF34E681FAD4FB300AF3AAD /* Message */,
				1CF34E691FAD4FB300AF3AAD /* Profile */,
			);
			path = "View(视图和控制器)";
			sourceTree = "<group>";
		};
		1CF34E651FAD4FB300AF3AAD /* Discover */ = {
			isa = PBXGroup;
			children = (
				1C6FDE3A1FAEA3E7006B50A3 /* WBDiscoverViewController.swift */,
			);
			path = Discover;
			sourceTree = "<group>";
		};
		1CF34E661FAD4FB300AF3AAD /* Home */ = {
			isa = PBXGroup;
			children = (
				1C6FDE381FAEA379006B50A3 /* WBHomeViewController.swift */,
			);
			path = Home;
			sourceTree = "<group>";
		};
		1CF34E671FAD4FB300AF3AAD /* Main */ = {
			isa = PBXGroup;
			children = (
				1CF34E6B1FAD52AE00AF3AAD /* WBMainViewController.swift */,
				1CF34E6D1FAE9FCD00AF3AAD /* WBNavigationController.swift */,
				1CF34E6F1FAEA04B00AF3AAD /* WBBaseViewController.swift */,
			);
			path = Main;
			sourceTree = "<group>";
		};
		1CF34E681FAD4FB300AF3AAD /* Message */ = {
			isa = PBXGroup;
			children = (
				1C6FDE3C1FAEA3FF006B50A3 /* WBMessageViewController.swift */,
			);
			path = Message;
			sourceTree = "<group>";
		};
		1CF34E691FAD4FB300AF3AAD /* Profile */ = {
			isa = PBXGroup;
			children = (
				1C6FDE3E1FAEA459006B50A3 /* WBProfileViewController.swift */,
			);
			path = Profile;
			sourceTree = "<group>";
		};
		1CF34E6A1FAD4FB300AF3AAD /* ViewModel(视图模型) */ = {
			isa = PBXGroup;
			children = (
			);
			path = "ViewModel(视图模型)";
			sourceTree = "<group>";
		};
/* End PBXGroup section */

/* Begin PBXNativeTarget section */
		1CF34E3F1FAC616900AF3AAD /* chuanzhiWeibo */ = {
			isa = PBXNativeTarget;
			buildConfigurationList = 1CF34E521FAC616A00AF3AAD /* Build configuration list for PBXNativeTarget "chuanzhiWeibo" */;
			buildPhases = (
				1CF34E3C1FAC616900AF3AAD /* Sources */,
				1CF34E3D1FAC616900AF3AAD /* Frameworks */,
				1CF34E3E1FAC616900AF3AAD /* Resources */,
			);
			buildRules = (
			);
			dependencies = (
			);
			name = chuanzhiWeibo;
			productName = chuanzhiWeibo;
			productReference = 1CF34E401FAC616900AF3AAD /* chuanzhiWeibo.app */;
			productType = "com.apple.product-type.application";
		};
/* End PBXNativeTarget section */

/* Begin PBXProject section */
		1CF34E381FAC616900AF3AAD /* Project object */ = {
			isa = PBXProject;
			attributes = {
				CLASSPREFIX = WB;
				LastSwiftUpdateCheck = 0900;
				LastUpgradeCheck = 0900;
				ORGANIZATIONNAME = "袁泉亮";
				TargetAttributes = {
					1CF34E3F1FAC616900AF3AAD = {
						CreatedOnToolsVersion = 9.0.1;
						ProvisioningStyle = Automatic;
					};
				};
			};
			buildConfigurationList = 1CF34E3B1FAC616900AF3AAD /* Build configuration list for PBXProject "chuanzhiWeibo" */;
			compatibilityVersion = "Xcode 8.0";
			developmentRegion = en;
			hasScannedForEncodings = 0;
			knownRegions = (
				en,
				Base,
			);
			mainGroup = 1CF34E371FAC616900AF3AAD;
			productRefGroup = 1CF34E411FAC616900AF3AAD /* Products */;
			projectDirPath = "";
			projectRoot = "";
			targets = (
				1CF34E3F1FAC616900AF3AAD /* chuanzhiWeibo */,
			);
		};
/* End PBXProject section */

/* Begin PBXResourcesBuildPhase section */
		1CF34E3E1FAC616900AF3AAD /* Resources */ = {
			isa = PBXResourcesBuildPhase;
			buildActionMask = 2147483647;
			files = (
				1CF34E4B1FAC616A00AF3AAD /* Assets.xcassets in Resources */,
			);
			runOnlyForDeploymentPostprocessing = 0;
		};
/* End PBXResourcesBuildPhase section */

/* Begin PBXSourcesBuildPhase section */
		1CF34E3C1FAC616900AF3AAD /* Sources */ = {
			isa = PBXSourcesBuildPhase;
			buildActionMask = 2147483647;
			files = (
				1CF34E701FAEA04B00AF3AAD /* WBBaseViewController.swift in Sources */,
				1C6FDE3F1FAEA459006B50A3 /* WBProfileViewController.swift in Sources */,
				1C6FDE3D1FAEA3FF006B50A3 /* WBMessageViewController.swift in Sources */,
				1C1670751FAEE72A00E0F8B7 /* Bundle+Extensions.swift in Sources */,
				1CF34E6C1FAD52AE00AF3AAD /* WBMainViewController.swift in Sources */,
				1C6FDE3B1FAEA3E7006B50A3 /* WBDiscoverViewController.swift in Sources */,
				1C6FDE391FAEA379006B50A3 /* WBHomeViewController.swift in Sources */,
				1CF34E441FAC616A00AF3AAD /* AppDelegate.swift in Sources */,
				1CF34E6E1FAE9FCD00AF3AAD /* WBNavigationController.swift in Sources */,
			);
			runOnlyForDeploymentPostprocessing = 0;
		};
/* End PBXSourcesBuildPhase section */

/* Begin XCBuildConfiguration section */
		1CF34E501FAC616A00AF3AAD /* Debug */ = {
			isa = XCBuildConfiguration;
			buildSettings = {
				ALWAYS_SEARCH_USER_PATHS = NO;
				CLANG_ANALYZER_NONNULL = YES;
				CLANG_ANALYZER_NUMBER_OBJECT_CONVERSION = YES_AGGRESSIVE;
				CLANG_CXX_LANGUAGE_STANDARD = "gnu++14";
				CLANG_CXX_LIBRARY = "libc++";
				CLANG_ENABLE_MODULES = YES;
				CLANG_ENABLE_OBJC_ARC = YES;
				CLANG_WARN_BLOCK_CAPTURE_AUTORELEASING = YES;
				CLANG_WARN_BOOL_CONVERSION = YES;
				CLANG_WARN_COMMA = YES;
				CLANG_WARN_CONSTANT_CONVERSION = YES;
				CLANG_WARN_DIRECT_OBJC_ISA_USAGE = YES_ERROR;
				CLANG_WARN_DOCUMENTATION_COMMENTS = YES;
				CLANG_WARN_EMPTY_BODY = YES;
				CLANG_WARN_ENUM_CONVERSION = YES;
				CLANG_WARN_INFINITE_RECURSION = YES;
				CLANG_WARN_INT_CONVERSION = YES;
				CLANG_WARN_NON_LITERAL_NULL_CONVERSION = YES;
				CLANG_WARN_OBJC_LITERAL_CONVERSION = YES;
				CLANG_WARN_OBJC_ROOT_CLASS = YES_ERROR;
				CLANG_WARN_RANGE_LOOP_ANALYSIS = YES;
				CLANG_WARN_STRICT_PROTOTYPES = YES;
				CLANG_WARN_SUSPICIOUS_MOVE = YES;
				CLANG_WARN_UNGUARDED_AVAILABILITY = YES_AGGRESSIVE;
				CLANG_WARN_UNREACHABLE_CODE = YES;
				CLANG_WARN__DUPLICATE_METHOD_MATCH = YES;
				CODE_SIGN_IDENTITY = "iPhone Developer";
				COPY_PHASE_STRIP = NO;
				DEBUG_INFORMATION_FORMAT = dwarf;
				ENABLE_STRICT_OBJC_MSGSEND = YES;
				ENABLE_TESTABILITY = YES;
				GCC_C_LANGUAGE_STANDARD = gnu11;
				GCC_DYNAMIC_NO_PIC = NO;
				GCC_NO_COMMON_BLOCKS = YES;
				GCC_OPTIMIZATION_LEVEL = 0;
				GCC_PREPROCESSOR_DEFINITIONS = (
					"DEBUG=1",
					"$(inherited)",
				);
				GCC_WARN_64_TO_32_BIT_CONVERSION = YES;
				GCC_WARN_ABOUT_RETURN_TYPE = YES_ERROR;
				GCC_WARN_UNDECLARED_SELECTOR = YES;
				GCC_WARN_UNINITIALIZED_AUTOS = YES_AGGRESSIVE;
				GCC_WARN_UNUSED_FUNCTION = YES;
				GCC_WARN_UNUSED_VARIABLE = YES;
				IPHONEOS_DEPLOYMENT_TARGET = 11.0;
				MTL_ENABLE_DEBUG_INFO = YES;
				ONLY_ACTIVE_ARCH = YES;
				SDKROOT = iphoneos;
				SWIFT_ACTIVE_COMPILATION_CONDITIONS = DEBUG;
				SWIFT_OPTIMIZATION_LEVEL = "-Onone";
			};
			name = Debug;
		};
		1CF34E511FAC616A00AF3AAD /* Release */ = {
			isa = XCBuildConfiguration;
			buildSettings = {
				ALWAYS_SEARCH_USER_PATHS = NO;
				CLANG_ANALYZER_NONNULL = YES;
				CLANG_ANALYZER_NUMBER_OBJECT_CONVERSION = YES_AGGRESSIVE;
				CLANG_CXX_LANGUAGE_STANDARD = "gnu++14";
				CLANG_CXX_LIBRARY = "libc++";
				CLANG_ENABLE_MODULES = YES;
				CLANG_ENABLE_OBJC_ARC = YES;
				CLANG_WARN_BLOCK_CAPTURE_AUTORELEASING = YES;
				CLANG_WARN_BOOL_CONVERSION = YES;
				CLANG_WARN_COMMA = YES;
				CLANG_WARN_CONSTANT_CONVERSION = YES;
				CLANG_WARN_DIRECT_OBJC_ISA_USAGE = YES_ERROR;
				CLANG_WARN_DOCUMENTATION_COMMENTS = YES;
				CLANG_WARN_EMPTY_BODY = YES;
				CLANG_WARN_ENUM_CONVERSION = YES;
				CLANG_WARN_INFINITE_RECURSION = YES;
				CLANG_WARN_INT_CONVERSION = YES;
				CLANG_WARN_NON_LITERAL_NULL_CONVERSION = YES;
				CLANG_WARN_OBJC_LITERAL_CONVERSION = YES;
				CLANG_WARN_OBJC_ROOT_CLASS = YES_ERROR;
				CLANG_WARN_RANGE_LOOP_ANALYSIS = YES;
				CLANG_WARN_STRICT_PROTOTYPES = YES;
				CLANG_WARN_SUSPICIOUS_MOVE = YES;
				CLANG_WARN_UNGUARDED_AVAILABILITY = YES_AGGRESSIVE;
				CLANG_WARN_UNREACHABLE_CODE = YES;
				CLANG_WARN__DUPLICATE_METHOD_MATCH = YES;
				CODE_SIGN_IDENTITY = "iPhone Developer";
				COPY_PHASE_STRIP = NO;
				DEBUG_INFORMATION_FORMAT = "dwarf-with-dsym";
				ENABLE_NS_ASSERTIONS = NO;
				ENABLE_STRICT_OBJC_MSGSEND = YES;
				GCC_C_LANGUAGE_STANDARD = gnu11;
				GCC_NO_COMMON_BLOCKS = YES;
				GCC_WARN_64_TO_32_BIT_CONVERSION = YES;
				GCC_WARN_ABOUT_RETURN_TYPE = YES_ERROR;
				GCC_WARN_UNDECLARED_SELECTOR = YES;
				GCC_WARN_UNINITIALIZED_AUTOS = YES_AGGRESSIVE;
				GCC_WARN_UNUSED_FUNCTION = YES;
				GCC_WARN_UNUSED_VARIABLE = YES;
				IPHONEOS_DEPLOYMENT_TARGET = 11.0;
				MTL_ENABLE_DEBUG_INFO = NO;
				SDKROOT = iphoneos;
				SWIFT_OPTIMIZATION_LEVEL = "-Owholemodule";
				VALIDATE_PRODUCT = YES;
			};
			name = Release;
		};
		1CF34E531FAC616A00AF3AAD /* Debug */ = {
			isa = XCBuildConfiguration;
			buildSettings = {
				ASSETCATALOG_COMPILER_APPICON_NAME = AppIcon;
				ASSETCATALOG_COMPILER_LAUNCHIMAGE_NAME = LaunchImage;
				CODE_SIGN_STYLE = Automatic;
				DEVELOPMENT_TEAM = 2NDS8F59UY;
				INFOPLIST_FILE = chuanzhiWeibo/Info.plist;
				IPHONEOS_DEPLOYMENT_TARGET = 9.0;
				LD_RUNPATH_SEARCH_PATHS = "$(inherited) @executable_path/Frameworks";
				PRODUCT_BUNDLE_IDENTIFIER = com.yuan.chuanzhiWeibo;
				PRODUCT_NAME = "$(TARGET_NAME)";
				SWIFT_VERSION = 4.0;
				TARGETED_DEVICE_FAMILY = "1,2";
			};
			name = Debug;
		};
		1CF34E541FAC616A00AF3AAD /* Release */ = {
			isa = XCBuildConfiguration;
			buildSettings = {
				ASSETCATALOG_COMPILER_APPICON_NAME = AppIcon;
				ASSETCATALOG_COMPILER_LAUNCHIMAGE_NAME = LaunchImage;
				CODE_SIGN_STYLE = Automatic;
				DEVELOPMENT_TEAM = 2NDS8F59UY;
				INFOPLIST_FILE = chuanzhiWeibo/Info.plist;
				IPHONEOS_DEPLOYMENT_TARGET = 9.0;
				LD_RUNPATH_SEARCH_PATHS = "$(inherited) @executable_path/Frameworks";
				PRODUCT_BUNDLE_IDENTIFIER = com.yuan.chuanzhiWeibo;
				PRODUCT_NAME = "$(TARGET_NAME)";
				SWIFT_VERSION = 4.0;
				TARGETED_DEVICE_FAMILY = "1,2";
			};
			name = Release;
		};
/* End XCBuildConfiguration section */

/* Begin XCConfigurationList section */
		1CF34E3B1FAC616900AF3AAD /* Build configuration list for PBXProject "chuanzhiWeibo" */ = {
			isa = XCConfigurationList;
			buildConfigurations = (
				1CF34E501FAC616A00AF3AAD /* Debug */,
				1CF34E511FAC616A00AF3AAD /* Release */,
			);
			defaultConfigurationIsVisible = 0;
			defaultConfigurationName = Release;
		};
		1CF34E521FAC616A00AF3AAD /* Build configuration list for PBXNativeTarget "chuanzhiWeibo" */ = {
			isa = XCConfigurationList;
			buildConfigurations = (
				1CF34E531FAC616A00AF3AAD /* Debug */,
				1CF34E541FAC616A00AF3AAD /* Release */,
			);
			defaultConfigurationIsVisible = 0;
			defaultConfigurationName = Release;
		};
/* End XCConfigurationList section */
	};
	rootObject = 1CF34E381FAC616900AF3AAD /* Project object */;
}
